// !$*UTF8*$!
{
	archiveVersion = 1;
	classes = {
	};
	objectVersion = 50;
	objects = {

/* Begin PBXBuildFile section */
		6802426D21CC44E100AA8899 /* UIGradientView.swift in Sources */ = {isa = PBXBuildFile; fileRef = 6802426C21CC44E100AA8899 /* UIGradientView.swift */; };
		6802426F21CC45BD00AA8899 /* OmniBar.swift in Sources */ = {isa = PBXBuildFile; fileRef = 6802426E21CC45BD00AA8899 /* OmniBar.swift */; };
		6802427121CC45D900AA8899 /* OmniBar.xib in Resources */ = {isa = PBXBuildFile; fileRef = 6802427021CC45D900AA8899 /* OmniBar.xib */; };
		6802427521CC47B700AA8899 /* cog.png in Resources */ = {isa = PBXBuildFile; fileRef = 6802427321CC47B700AA8899 /* cog.png */; };
		6802427621CC47B700AA8899 /* history.png in Resources */ = {isa = PBXBuildFile; fileRef = 6802427421CC47B700AA8899 /* history.png */; };
		6802427821CC49DE00AA8899 /* OmniBarDelegate.swift in Sources */ = {isa = PBXBuildFile; fileRef = 6802427721CC49DE00AA8899 /* OmniBarDelegate.swift */; };
		6802427A21CC4E5E00AA8899 /* SearchViewController.swift in Sources */ = {isa = PBXBuildFile; fileRef = 6802427921CC4E5E00AA8899 /* SearchViewController.swift */; };
		6811F47021CD5AEB001DBE63 /* SherlockServiceManager.swift in Sources */ = {isa = PBXBuildFile; fileRef = 6811F46F21CD5AEB001DBE63 /* SherlockServiceManager.swift */; };
		6811F47221CD6985001DBE63 /* SherlockServices.swift in Sources */ = {isa = PBXBuildFile; fileRef = 6811F47121CD6985001DBE63 /* SherlockServices.swift */; };
		6811F47421CD79F2001DBE63 /* google_icon.png in Resources */ = {isa = PBXBuildFile; fileRef = 6811F47321CD79F2001DBE63 /* google_icon.png */; };
		6811F47621CD7A9A001DBE63 /* wikipedia_icon.png in Resources */ = {isa = PBXBuildFile; fileRef = 6811F47521CD7A9A001DBE63 /* wikipedia_icon.png */; };
		6811F47821CD7DD7001DBE63 /* facebook_icon.png in Resources */ = {isa = PBXBuildFile; fileRef = 6811F47721CD7DD7001DBE63 /* facebook_icon.png */; };
		6811F47A21CD80BD001DBE63 /* search_services.json in Resources */ = {isa = PBXBuildFile; fileRef = 6811F47921CD80BD001DBE63 /* search_services.json */; };
		681582D921DFE72C00E934EF /* ServiceSettingsViewController.swift in Sources */ = {isa = PBXBuildFile; fileRef = 681582D821DFE72C00E934EF /* ServiceSettingsViewController.swift */; };
		681582DB21DFE75300E934EF /* Settings.storyboard in Resources */ = {isa = PBXBuildFile; fileRef = 681582DA21DFE75300E934EF /* Settings.storyboard */; };
		681582DE21DFEC5A00E934EF /* FlipTransition.swift in Sources */ = {isa = PBXBuildFile; fileRef = 681582DD21DFEC5A00E934EF /* FlipTransition.swift */; };
		681582E021DFF25200E934EF /* UnwindFlipTransition.swift in Sources */ = {isa = PBXBuildFile; fileRef = 681582DF21DFF25200E934EF /* UnwindFlipTransition.swift */; };
		681582E421DFF33D00E934EF /* UserServiceTableViewCell.swift in Sources */ = {isa = PBXBuildFile; fileRef = 681582E321DFF33D00E934EF /* UserServiceTableViewCell.swift */; };
		681582E721E023BF00E934EF /* SherlockSettingsManager.swift in Sources */ = {isa = PBXBuildFile; fileRef = 681582E621E023BF00E934EF /* SherlockSettingsManager.swift */; };
		681582E921E05B1600E934EF /* AutOrderTableViewCell.swift in Sources */ = {isa = PBXBuildFile; fileRef = 681582E821E05B1600E934EF /* AutOrderTableViewCell.swift */; };
		681582EB21E07D5D00E934EF /* Icon.png in Resources */ = {isa = PBXBuildFile; fileRef = 681582EA21E07D5D00E934EF /* Icon.png */; };
		681582ED21E07DAE00E934EF /* blue_background.png in Resources */ = {isa = PBXBuildFile; fileRef = 681582EC21E07DAE00E934EF /* blue_background.png */; };
		681582EF21E07FA900E934EF /* SettingsViewController.swift in Sources */ = {isa = PBXBuildFile; fileRef = 681582EE21E07FA900E934EF /* SettingsViewController.swift */; };
		681582F321E08DF800E934EF /* settings_back.png in Resources */ = {isa = PBXBuildFile; fileRef = 681582F221E08DF800E934EF /* settings_back.png */; };
		681582F521E08EE400E934EF /* arrow-left-white.png in Resources */ = {isa = PBXBuildFile; fileRef = 681582F421E08EE400E934EF /* arrow-left-white.png */; };
		68170B6121DEA46C007DA455 /* URLSchemeCoverView.swift in Sources */ = {isa = PBXBuildFile; fileRef = 68170B6021DEA46C007DA455 /* URLSchemeCoverView.swift */; };
		68170B6321DEABC3007DA455 /* URLSchemeCoverView.xib in Resources */ = {isa = PBXBuildFile; fileRef = 68170B6221DEABC3007DA455 /* URLSchemeCoverView.xib */; };
		68170B6521DEB2D0007DA455 /* EmptyHistory.xib in Resources */ = {isa = PBXBuildFile; fileRef = 68170B6421DEB2D0007DA455 /* EmptyHistory.xib */; };
		682483A621D40569003D189A /* Back.png in Resources */ = {isa = PBXBuildFile; fileRef = 682483A521D40568003D189A /* Back.png */; };
		682483A821D405A0003D189A /* WebTitleBarDelegate.swift in Sources */ = {isa = PBXBuildFile; fileRef = 682483A721D405A0003D189A /* WebTitleBarDelegate.swift */; };
		682483AA21D4079B003D189A /* LoadingIndicator.swift in Sources */ = {isa = PBXBuildFile; fileRef = 682483A921D4079B003D189A /* LoadingIndicator.swift */; };
		682483AC21D4169F003D189A /* NewModalInteractor.swift in Sources */ = {isa = PBXBuildFile; fileRef = 682483AB21D4169F003D189A /* NewModalInteractor.swift */; };
		682483AE21D4603F003D189A /* LoadingCoverView.swift in Sources */ = {isa = PBXBuildFile; fileRef = 682483AD21D4603F003D189A /* LoadingCoverView.swift */; };
		682C557C21E13226005C59E7 /* AutocompleteSettingsViewController.swift in Sources */ = {isa = PBXBuildFile; fileRef = 682C557B21E13226005C59E7 /* AutocompleteSettingsViewController.swift */; };
		682C557E21E135A5005C59E7 /* AutocompleteSettingTableViewCell.swift in Sources */ = {isa = PBXBuildFile; fileRef = 682C557D21E135A5005C59E7 /* AutocompleteSettingTableViewCell.swift */; };
		682C558021E14A5C005C59E7 /* AppearanceSettingsViewController.swift in Sources */ = {isa = PBXBuildFile; fileRef = 682C557F21E14A5C005C59E7 /* AppearanceSettingsViewController.swift */; };
		682C558221E14B8E005C59E7 /* AppearanceTableViewCell.swift in Sources */ = {isa = PBXBuildFile; fileRef = 682C558121E14B8E005C59E7 /* AppearanceTableViewCell.swift */; };
		682C558721E185D4005C59E7 /* red_background.png in Resources */ = {isa = PBXBuildFile; fileRef = 682C558521E185D4005C59E7 /* red_background.png */; };
		682C558821E185D4005C59E7 /* orange_background.png in Resources */ = {isa = PBXBuildFile; fileRef = 682C558621E185D4005C59E7 /* orange_background.png */; };
		682C558A21E18FC6005C59E7 /* imdb.png in Resources */ = {isa = PBXBuildFile; fileRef = 682C558921E18FC6005C59E7 /* imdb.png */; };
		682C558C21E191AC005C59E7 /* SherlockSwipeViewController.swift in Sources */ = {isa = PBXBuildFile; fileRef = 682C558B21E191AC005C59E7 /* SherlockSwipeViewController.swift */; };
		682C559021E1A83B005C59E7 /* youtube.png in Resources */ = {isa = PBXBuildFile; fileRef = 682C558F21E1A83A005C59E7 /* youtube.png */; };
		682C559221E1BE46005C59E7 /* AddServices.xib in Resources */ = {isa = PBXBuildFile; fileRef = 682C559121E1BE46005C59E7 /* AddServices.xib */; };
		682C559421E1C162005C59E7 /* plus.png in Resources */ = {isa = PBXBuildFile; fileRef = 682C559321E1C162005C59E7 /* plus.png */; };
		682C559621E1C342005C59E7 /* AddServiceHeader.swift in Sources */ = {isa = PBXBuildFile; fileRef = 682C559521E1C342005C59E7 /* AddServiceHeader.swift */; };
		682C559821E1D0C3005C59E7 /* ampDisable.js in Resources */ = {isa = PBXBuildFile; fileRef = 682C559721E1D0C2005C59E7 /* ampDisable.js */; };
		683DE28821CFFA11005E58F4 /* WebNavBar.xib in Resources */ = {isa = PBXBuildFile; fileRef = 683DE28721CFFA11005E58F4 /* WebNavBar.xib */; };
		683DE28B21CFFAD1005E58F4 /* arrow-right2.png in Resources */ = {isa = PBXBuildFile; fileRef = 683DE28921CFFAD1005E58F4 /* arrow-right2.png */; };
		683DE28C21CFFAD1005E58F4 /* arrow-left2.png in Resources */ = {isa = PBXBuildFile; fileRef = 683DE28A21CFFAD1005E58F4 /* arrow-left2.png */; };
		683DE28F21CFFB0E005E58F4 /* share.png in Resources */ = {isa = PBXBuildFile; fileRef = 683DE28D21CFFB0E005E58F4 /* share.png */; };
		683DE29021CFFB0E005E58F4 /* spinner11.png in Resources */ = {isa = PBXBuildFile; fileRef = 683DE28E21CFFB0E005E58F4 /* spinner11.png */; };
		683DE29221CFFD70005E58F4 /* WebNavBarDelegate.swift in Sources */ = {isa = PBXBuildFile; fileRef = 683DE29121CFFD70005E58F4 /* WebNavBarDelegate.swift */; };
		683DE29521CFFEC6005E58F4 /* WebTitleBar.swift in Sources */ = {isa = PBXBuildFile; fileRef = 683DE29421CFFEC6005E58F4 /* WebTitleBar.swift */; };
		683DE29721CFFFDC005E58F4 /* WebTitleBar.xib in Resources */ = {isa = PBXBuildFile; fileRef = 683DE29621CFFFDC005E58F4 /* WebTitleBar.xib */; };
		683DE29E21D061AD005E58F4 /* SherlockHistoryManager.swift in Sources */ = {isa = PBXBuildFile; fileRef = 683DE29D21D061AD005E58F4 /* SherlockHistoryManager.swift */; };
		6843F2C521DAAEEF00E94DE7 /* HistoryHeaderView.swift in Sources */ = {isa = PBXBuildFile; fileRef = 6843F2C421DAAEEF00E94DE7 /* HistoryHeaderView.swift */; };
		6843F2C721DAAEFB00E94DE7 /* HistoryHeaderView.xib in Resources */ = {isa = PBXBuildFile; fileRef = 6843F2C621DAAEFB00E94DE7 /* HistoryHeaderView.xib */; };
		6843F2C921DAC31100E94DE7 /* SherlockProgressBar.swift in Sources */ = {isa = PBXBuildFile; fileRef = 6843F2C821DAC31100E94DE7 /* SherlockProgressBar.swift */; };
		686290A021CD842400085FFE /* SwiftyJSON.framework in Frameworks */ = {isa = PBXBuildFile; fileRef = 6862909F21CD842400085FFE /* SwiftyJSON.framework */; };
		686290A221CD987F00085FFE /* SherlockServiceManagerDelegates.swift in Sources */ = {isa = PBXBuildFile; fileRef = 686290A121CD987F00085FFE /* SherlockServiceManagerDelegates.swift */; };
		68662D8921D5A27E00A67B4C /* AutoCompleteRequester.swift in Sources */ = {isa = PBXBuildFile; fileRef = 68662D8821D5A27E00A67B4C /* AutoCompleteRequester.swift */; };
		686C68BB21D6B4F000270E41 /* GoogleAutoCompleteParser.swift in Sources */ = {isa = PBXBuildFile; fileRef = 686C68BA21D6B4EF00270E41 /* GoogleAutoCompleteParser.swift */; };
		686C68BD21D6B50600270E41 /* AutoCompleteParser.swift in Sources */ = {isa = PBXBuildFile; fileRef = 686C68BC21D6B50600270E41 /* AutoCompleteParser.swift */; };
		686C68BF21D6C96D00270E41 /* DDGAutoCompleteParser.swift in Sources */ = {isa = PBXBuildFile; fileRef = 686C68BE21D6C96D00270E41 /* DDGAutoCompleteParser.swift */; };
		686C68C221D6E5BB00270E41 /* AutoCompleteTableViewCell.swift in Sources */ = {isa = PBXBuildFile; fileRef = 686C68C021D6E5BB00270E41 /* AutoCompleteTableViewCell.swift */; };
		686C68C321D6E5BB00270E41 /* AutoCompleteTableViewCell.xib in Resources */ = {isa = PBXBuildFile; fileRef = 686C68C121D6E5BB00270E41 /* AutoCompleteTableViewCell.xib */; };
		68834F6C21CC550200BFD9D0 /* ApplicationConstants.swift in Sources */ = {isa = PBXBuildFile; fileRef = 68834F6B21CC550200BFD9D0 /* ApplicationConstants.swift */; };
		68834F7321CCB97A00BFD9D0 /* ServiceResultsTableViewController.swift in Sources */ = {isa = PBXBuildFile; fileRef = 68834F7221CCB97A00BFD9D0 /* ServiceResultsTableViewController.swift */; };
		688C1A9421CC3F4500AADE9F /* AppDelegate.swift in Sources */ = {isa = PBXBuildFile; fileRef = 688C1A9321CC3F4500AADE9F /* AppDelegate.swift */; };
		688C1A9C21CC3F4500AADE9F /* Sherlock.xcdatamodeld in Sources */ = {isa = PBXBuildFile; fileRef = 688C1A9A21CC3F4500AADE9F /* Sherlock.xcdatamodeld */; };
		688C1A9E21CC3F4600AADE9F /* Assets.xcassets in Resources */ = {isa = PBXBuildFile; fileRef = 688C1A9D21CC3F4600AADE9F /* Assets.xcassets */; };
		688C1AA121CC3F4600AADE9F /* LaunchScreen.storyboard in Resources */ = {isa = PBXBuildFile; fileRef = 688C1A9F21CC3F4600AADE9F /* LaunchScreen.storyboard */; };
		688C1AAC21CC3F4600AADE9F /* SherlockTests.swift in Sources */ = {isa = PBXBuildFile; fileRef = 688C1AAB21CC3F4600AADE9F /* SherlockTests.swift */; };
		688C1AB721CC3F4600AADE9F /* SherlockUITests.swift in Sources */ = {isa = PBXBuildFile; fileRef = 688C1AB621CC3F4600AADE9F /* SherlockUITests.swift */; };
		68AA33EA21D82D1E003E07BB /* WikipediaAutoCompleteParser.swift in Sources */ = {isa = PBXBuildFile; fileRef = 68AA33E921D82D1E003E07BB /* WikipediaAutoCompleteParser.swift */; };
		68AA33EC21D8361B003E07BB /* file-text.png in Resources */ = {isa = PBXBuildFile; fileRef = 68AA33EB21D8361B003E07BB /* file-text.png */; };
		68C1875721CDD87300EED415 /* ServiceResultDelegate.swift in Sources */ = {isa = PBXBuildFile; fileRef = 68C1875621CDD87300EED415 /* ServiceResultDelegate.swift */; };
		68C1875921CDDB0A00EED415 /* WebSearchViewController.swift in Sources */ = {isa = PBXBuildFile; fileRef = 68C1875821CDDB0A00EED415 /* WebSearchViewController.swift */; };
		68C412DF21D362A800DAC3EA /* UnwindNewModal.swift in Sources */ = {isa = PBXBuildFile; fileRef = 68C412DD21D362A800DAC3EA /* UnwindNewModal.swift */; };
		68C412E021D362A800DAC3EA /* NewModal.swift in Sources */ = {isa = PBXBuildFile; fileRef = 68C412DE21D362A800DAC3EA /* NewModal.swift */; };
		68C4617A21D32ABC00A1E1CC /* PushTransition.swift in Sources */ = {isa = PBXBuildFile; fileRef = 68C4617921D32ABC00A1E1CC /* PushTransition.swift */; };
		68C4617C21D32E1E00A1E1CC /* UnwindPushTransition.swift in Sources */ = {isa = PBXBuildFile; fileRef = 68C4617B21D32E1E00A1E1CC /* UnwindPushTransition.swift */; };
		68C4618221D344DE00A1E1CC /* PushInteractor.swift in Sources */ = {isa = PBXBuildFile; fileRef = 68C4618121D344DE00A1E1CC /* PushInteractor.swift */; };
		68CC169121CFF8C0005AEF42 /* WebResultViewController.swift in Sources */ = {isa = PBXBuildFile; fileRef = 68CC169021CFF8C0005AEF42 /* WebResultViewController.swift */; };
		68CC169321CFF972005AEF42 /* WebNavBar.swift in Sources */ = {isa = PBXBuildFile; fileRef = 68CC169221CFF972005AEF42 /* WebNavBar.swift */; };
		68E569AC21D9C4D1004346C7 /* applemaps.png in Resources */ = {isa = PBXBuildFile; fileRef = 68E569AB21D9C4D1004346C7 /* applemaps.png */; };
		68F7575321D7E5940047B24D /* chevron.png in Resources */ = {isa = PBXBuildFile; fileRef = 68F7575221D7E5930047B24D /* chevron.png */; };
		68F7575521D7E5BB0047B24D /* ChevronCell.xib in Resources */ = {isa = PBXBuildFile; fileRef = 68F7575421D7E5BB0047B24D /* ChevronCell.xib */; };
		68F7575721D7EE350047B24D /* SearchServiceHeader.swift in Sources */ = {isa = PBXBuildFile; fileRef = 68F7575621D7EE350047B24D /* SearchServiceHeader.swift */; };
		68F7575921D7EE4A0047B24D /* SearchServiceHeader.xib in Resources */ = {isa = PBXBuildFile; fileRef = 68F7575821D7EE4A0047B24D /* SearchServiceHeader.xib */; };
		68F7575B21D7F26B0047B24D /* SearchServiceHeaderDelegate.swift in Sources */ = {isa = PBXBuildFile; fileRef = 68F7575A21D7F26B0047B24D /* SearchServiceHeaderDelegate.swift */; };
		68F7575D21D7F55C0047B24D /* twitter.png in Resources */ = {isa = PBXBuildFile; fileRef = 68F7575C21D7F55B0047B24D /* twitter.png */; };
		68F7575F21D7FA9F0047B24D /* linkedin.png in Resources */ = {isa = PBXBuildFile; fileRef = 68F7575E21D7FA9F0047B24D /* linkedin.png */; };
		68F7576121D801330047B24D /* Autocomplete.swift in Sources */ = {isa = PBXBuildFile; fileRef = 68F7576021D801330047B24D /* Autocomplete.swift */; };
		68F9F13A21CE9239001E7FD7 /* ScrollResultsViewController.swift in Sources */ = {isa = PBXBuildFile; fileRef = 68F9F13921CE9239001E7FD7 /* ScrollResultsViewController.swift */; };
		68F9F13E21CEF2D0001E7FD7 /* duckduckgo.png in Resources */ = {isa = PBXBuildFile; fileRef = 68F9F13D21CEF2D0001E7FD7 /* duckduckgo.png */; };
		68F9F14021CF0943001E7FD7 /* ServiceSelectorBar.swift in Sources */ = {isa = PBXBuildFile; fileRef = 68F9F13F21CF0943001E7FD7 /* ServiceSelectorBar.swift */; };
		68F9F14221CF1E18001E7FD7 /* ServiceSelectorBarDelegate.swift in Sources */ = {isa = PBXBuildFile; fileRef = 68F9F14121CF1E18001E7FD7 /* ServiceSelectorBarDelegate.swift */; };
		68FA235321D14730006290FD /* HistoryViewController.swift in Sources */ = {isa = PBXBuildFile; fileRef = 68FA235221D14730006290FD /* HistoryViewController.swift */; };
		68FA235721D1482B006290FD /* History.storyboard in Resources */ = {isa = PBXBuildFile; fileRef = 68FA235621D1482B006290FD /* History.storyboard */; };
		68FA235E21D14C06006290FD /* search.png in Resources */ = {isa = PBXBuildFile; fileRef = 68FA235C21D14C06006290FD /* search.png */; };
		68FA235F21D14C06006290FD /* cancel-circle.png in Resources */ = {isa = PBXBuildFile; fileRef = 68FA235D21D14C06006290FD /* cancel-circle.png */; };
		68FA236121D14E78006290FD /* QueryTableViewCell.swift in Sources */ = {isa = PBXBuildFile; fileRef = 68FA236021D14E78006290FD /* QueryTableViewCell.swift */; };
		68FA236321D1994E006290FD /* WebTableViewCell.swift in Sources */ = {isa = PBXBuildFile; fileRef = 68FA236221D1994E006290FD /* WebTableViewCell.swift */; };
		68FA236521D19AB9006290FD /* sphere.png in Resources */ = {isa = PBXBuildFile; fileRef = 68FA236421D19AB9006290FD /* sphere.png */; };
		68FA236721D19E5E006290FD /* HistorySectionDelegate.swift in Sources */ = {isa = PBXBuildFile; fileRef = 68FA236621D19E5E006290FD /* HistorySectionDelegate.swift */; };
		68FA236921D1A058006290FD /* HistoryVCDelegate.swift in Sources */ = {isa = PBXBuildFile; fileRef = 68FA236821D1A058006290FD /* HistoryVCDelegate.swift */; };
/* End PBXBuildFile section */

/* Begin PBXContainerItemProxy section */
		688C1AA821CC3F4600AADE9F /* PBXContainerItemProxy */ = {
			isa = PBXContainerItemProxy;
			containerPortal = 688C1A8821CC3F4500AADE9F /* Project object */;
			proxyType = 1;
			remoteGlobalIDString = 688C1A8F21CC3F4500AADE9F;
			remoteInfo = Sherlock;
		};
		688C1AB321CC3F4600AADE9F /* PBXContainerItemProxy */ = {
			isa = PBXContainerItemProxy;
			containerPortal = 688C1A8821CC3F4500AADE9F /* Project object */;
			proxyType = 1;
			remoteGlobalIDString = 688C1A8F21CC3F4500AADE9F;
			remoteInfo = Sherlock;
		};
/* End PBXContainerItemProxy section */

/* Begin PBXFileReference section */
		6802426C21CC44E100AA8899 /* UIGradientView.swift */ = {isa = PBXFileReference; lastKnownFileType = sourcecode.swift; path = UIGradientView.swift; sourceTree = "<group>"; };
		6802426E21CC45BD00AA8899 /* OmniBar.swift */ = {isa = PBXFileReference; lastKnownFileType = sourcecode.swift; path = OmniBar.swift; sourceTree = "<group>"; };
		6802427021CC45D900AA8899 /* OmniBar.xib */ = {isa = PBXFileReference; lastKnownFileType = file.xib; path = OmniBar.xib; sourceTree = "<group>"; };
		6802427321CC47B700AA8899 /* cog.png */ = {isa = PBXFileReference; lastKnownFileType = image.png; path = cog.png; sourceTree = "<group>"; };
		6802427421CC47B700AA8899 /* history.png */ = {isa = PBXFileReference; lastKnownFileType = image.png; path = history.png; sourceTree = "<group>"; };
		6802427721CC49DE00AA8899 /* OmniBarDelegate.swift */ = {isa = PBXFileReference; lastKnownFileType = sourcecode.swift; path = OmniBarDelegate.swift; sourceTree = "<group>"; };
		6802427921CC4E5E00AA8899 /* SearchViewController.swift */ = {isa = PBXFileReference; lastKnownFileType = sourcecode.swift; path = SearchViewController.swift; sourceTree = "<group>"; };
		6811F46F21CD5AEB001DBE63 /* SherlockServiceManager.swift */ = {isa = PBXFileReference; lastKnownFileType = sourcecode.swift; path = SherlockServiceManager.swift; sourceTree = "<group>"; };
		6811F47121CD6985001DBE63 /* SherlockServices.swift */ = {isa = PBXFileReference; lastKnownFileType = sourcecode.swift; path = SherlockServices.swift; sourceTree = "<group>"; };
		6811F47321CD79F2001DBE63 /* google_icon.png */ = {isa = PBXFileReference; lastKnownFileType = image.png; path = google_icon.png; sourceTree = "<group>"; };
		6811F47521CD7A9A001DBE63 /* wikipedia_icon.png */ = {isa = PBXFileReference; lastKnownFileType = image.png; path = wikipedia_icon.png; sourceTree = "<group>"; };
		6811F47721CD7DD7001DBE63 /* facebook_icon.png */ = {isa = PBXFileReference; lastKnownFileType = image.png; path = facebook_icon.png; sourceTree = "<group>"; };
		6811F47921CD80BD001DBE63 /* search_services.json */ = {isa = PBXFileReference; fileEncoding = 4; lastKnownFileType = text.json; path = search_services.json; sourceTree = "<group>"; };
		681582D821DFE72C00E934EF /* ServiceSettingsViewController.swift */ = {isa = PBXFileReference; lastKnownFileType = sourcecode.swift; path = ServiceSettingsViewController.swift; sourceTree = "<group>"; };
		681582DA21DFE75300E934EF /* Settings.storyboard */ = {isa = PBXFileReference; lastKnownFileType = file.storyboard; path = Settings.storyboard; sourceTree = "<group>"; };
		681582DD21DFEC5A00E934EF /* FlipTransition.swift */ = {isa = PBXFileReference; lastKnownFileType = sourcecode.swift; path = FlipTransition.swift; sourceTree = "<group>"; };
		681582DF21DFF25200E934EF /* UnwindFlipTransition.swift */ = {isa = PBXFileReference; lastKnownFileType = sourcecode.swift; path = UnwindFlipTransition.swift; sourceTree = "<group>"; };
		681582E321DFF33D00E934EF /* UserServiceTableViewCell.swift */ = {isa = PBXFileReference; lastKnownFileType = sourcecode.swift; path = UserServiceTableViewCell.swift; sourceTree = "<group>"; };
		681582E621E023BF00E934EF /* SherlockSettingsManager.swift */ = {isa = PBXFileReference; lastKnownFileType = sourcecode.swift; path = SherlockSettingsManager.swift; sourceTree = "<group>"; };
		681582E821E05B1600E934EF /* AutOrderTableViewCell.swift */ = {isa = PBXFileReference; lastKnownFileType = sourcecode.swift; path = AutOrderTableViewCell.swift; sourceTree = "<group>"; };
		681582EA21E07D5D00E934EF /* Icon.png */ = {isa = PBXFileReference; lastKnownFileType = image.png; path = Icon.png; sourceTree = "<group>"; };
		681582EC21E07DAE00E934EF /* blue_background.png */ = {isa = PBXFileReference; lastKnownFileType = image.png; path = blue_background.png; sourceTree = "<group>"; };
		681582EE21E07FA900E934EF /* SettingsViewController.swift */ = {isa = PBXFileReference; lastKnownFileType = sourcecode.swift; path = SettingsViewController.swift; sourceTree = "<group>"; };
		681582F221E08DF800E934EF /* settings_back.png */ = {isa = PBXFileReference; lastKnownFileType = image.png; name = settings_back.png; path = ../../../icons/settings_back.png; sourceTree = "<group>"; };
		681582F421E08EE400E934EF /* arrow-left-white.png */ = {isa = PBXFileReference; lastKnownFileType = image.png; path = "arrow-left-white.png"; sourceTree = "<group>"; };
		68170B6021DEA46C007DA455 /* URLSchemeCoverView.swift */ = {isa = PBXFileReference; lastKnownFileType = sourcecode.swift; path = URLSchemeCoverView.swift; sourceTree = "<group>"; };
		68170B6221DEABC3007DA455 /* URLSchemeCoverView.xib */ = {isa = PBXFileReference; lastKnownFileType = file.xib; path = URLSchemeCoverView.xib; sourceTree = "<group>"; };
		68170B6421DEB2D0007DA455 /* EmptyHistory.xib */ = {isa = PBXFileReference; lastKnownFileType = file.xib; path = EmptyHistory.xib; sourceTree = "<group>"; };
		682483A521D40568003D189A /* Back.png */ = {isa = PBXFileReference; lastKnownFileType = image.png; path = Back.png; sourceTree = "<group>"; };
		682483A721D405A0003D189A /* WebTitleBarDelegate.swift */ = {isa = PBXFileReference; lastKnownFileType = sourcecode.swift; path = WebTitleBarDelegate.swift; sourceTree = "<group>"; };
		682483A921D4079B003D189A /* LoadingIndicator.swift */ = {isa = PBXFileReference; lastKnownFileType = sourcecode.swift; path = LoadingIndicator.swift; sourceTree = "<group>"; };
		682483AB21D4169F003D189A /* NewModalInteractor.swift */ = {isa = PBXFileReference; lastKnownFileType = sourcecode.swift; path = NewModalInteractor.swift; sourceTree = "<group>"; };
		682483AD21D4603F003D189A /* LoadingCoverView.swift */ = {isa = PBXFileReference; lastKnownFileType = sourcecode.swift; path = LoadingCoverView.swift; sourceTree = "<group>"; };
		682C557B21E13226005C59E7 /* AutocompleteSettingsViewController.swift */ = {isa = PBXFileReference; lastKnownFileType = sourcecode.swift; path = AutocompleteSettingsViewController.swift; sourceTree = "<group>"; };
		682C557D21E135A5005C59E7 /* AutocompleteSettingTableViewCell.swift */ = {isa = PBXFileReference; lastKnownFileType = sourcecode.swift; path = AutocompleteSettingTableViewCell.swift; sourceTree = "<group>"; };
		682C557F21E14A5C005C59E7 /* AppearanceSettingsViewController.swift */ = {isa = PBXFileReference; lastKnownFileType = sourcecode.swift; path = AppearanceSettingsViewController.swift; sourceTree = "<group>"; };
		682C558121E14B8E005C59E7 /* AppearanceTableViewCell.swift */ = {isa = PBXFileReference; lastKnownFileType = sourcecode.swift; path = AppearanceTableViewCell.swift; sourceTree = "<group>"; };
		682C558521E185D4005C59E7 /* red_background.png */ = {isa = PBXFileReference; lastKnownFileType = image.png; path = red_background.png; sourceTree = "<group>"; };
		682C558621E185D4005C59E7 /* orange_background.png */ = {isa = PBXFileReference; lastKnownFileType = image.png; path = orange_background.png; sourceTree = "<group>"; };
		682C558921E18FC6005C59E7 /* imdb.png */ = {isa = PBXFileReference; lastKnownFileType = image.png; path = imdb.png; sourceTree = "<group>"; };
		682C558B21E191AC005C59E7 /* SherlockSwipeViewController.swift */ = {isa = PBXFileReference; lastKnownFileType = sourcecode.swift; path = SherlockSwipeViewController.swift; sourceTree = "<group>"; };
		682C558F21E1A83A005C59E7 /* youtube.png */ = {isa = PBXFileReference; lastKnownFileType = image.png; path = youtube.png; sourceTree = "<group>"; };
		682C559121E1BE46005C59E7 /* AddServices.xib */ = {isa = PBXFileReference; lastKnownFileType = file.xib; path = AddServices.xib; sourceTree = "<group>"; };
		682C559321E1C162005C59E7 /* plus.png */ = {isa = PBXFileReference; lastKnownFileType = image.png; path = plus.png; sourceTree = "<group>"; };
		682C559521E1C342005C59E7 /* AddServiceHeader.swift */ = {isa = PBXFileReference; lastKnownFileType = sourcecode.swift; path = AddServiceHeader.swift; sourceTree = "<group>"; };
		682C559721E1D0C2005C59E7 /* ampDisable.js */ = {isa = PBXFileReference; fileEncoding = 4; lastKnownFileType = sourcecode.javascript; path = ampDisable.js; sourceTree = "<group>"; };
		683DE28721CFFA11005E58F4 /* WebNavBar.xib */ = {isa = PBXFileReference; lastKnownFileType = file.xib; path = WebNavBar.xib; sourceTree = "<group>"; };
		683DE28921CFFAD1005E58F4 /* arrow-right2.png */ = {isa = PBXFileReference; lastKnownFileType = image.png; name = "arrow-right2.png"; path = "../../../icons/arrow-right2.png"; sourceTree = "<group>"; };
		683DE28A21CFFAD1005E58F4 /* arrow-left2.png */ = {isa = PBXFileReference; lastKnownFileType = image.png; name = "arrow-left2.png"; path = "../../../icons/arrow-left2.png"; sourceTree = "<group>"; };
		683DE28D21CFFB0E005E58F4 /* share.png */ = {isa = PBXFileReference; lastKnownFileType = image.png; name = share.png; path = ../../../icons/share.png; sourceTree = "<group>"; };
		683DE28E21CFFB0E005E58F4 /* spinner11.png */ = {isa = PBXFileReference; lastKnownFileType = image.png; name = spinner11.png; path = ../../../icons/spinner11.png; sourceTree = "<group>"; };
		683DE29121CFFD70005E58F4 /* WebNavBarDelegate.swift */ = {isa = PBXFileReference; lastKnownFileType = sourcecode.swift; path = WebNavBarDelegate.swift; sourceTree = "<group>"; };
		683DE29421CFFEC6005E58F4 /* WebTitleBar.swift */ = {isa = PBXFileReference; lastKnownFileType = sourcecode.swift; path = WebTitleBar.swift; sourceTree = "<group>"; };
		683DE29621CFFFDC005E58F4 /* WebTitleBar.xib */ = {isa = PBXFileReference; lastKnownFileType = file.xib; path = WebTitleBar.xib; sourceTree = "<group>"; };
		683DE29D21D061AD005E58F4 /* SherlockHistoryManager.swift */ = {isa = PBXFileReference; lastKnownFileType = sourcecode.swift; path = SherlockHistoryManager.swift; sourceTree = "<group>"; };
		6843F2C421DAAEEF00E94DE7 /* HistoryHeaderView.swift */ = {isa = PBXFileReference; lastKnownFileType = sourcecode.swift; path = HistoryHeaderView.swift; sourceTree = "<group>"; };
		6843F2C621DAAEFB00E94DE7 /* HistoryHeaderView.xib */ = {isa = PBXFileReference; lastKnownFileType = file.xib; path = HistoryHeaderView.xib; sourceTree = "<group>"; };
		6843F2C821DAC31100E94DE7 /* SherlockProgressBar.swift */ = {isa = PBXFileReference; lastKnownFileType = sourcecode.swift; path = SherlockProgressBar.swift; sourceTree = "<group>"; };
		6862909F21CD842400085FFE /* SwiftyJSON.framework */ = {isa = PBXFileReference; lastKnownFileType = wrapper.framework; name = SwiftyJSON.framework; path = Sherlock/Carthage/Build/iOS/SwiftyJSON.framework; sourceTree = "<group>"; };
		686290A121CD987F00085FFE /* SherlockServiceManagerDelegates.swift */ = {isa = PBXFileReference; lastKnownFileType = sourcecode.swift; path = SherlockServiceManagerDelegates.swift; sourceTree = "<group>"; };
		68662D8821D5A27E00A67B4C /* AutoCompleteRequester.swift */ = {isa = PBXFileReference; lastKnownFileType = sourcecode.swift; path = AutoCompleteRequester.swift; sourceTree = "<group>"; };
		686C68BA21D6B4EF00270E41 /* GoogleAutoCompleteParser.swift */ = {isa = PBXFileReference; lastKnownFileType = sourcecode.swift; path = GoogleAutoCompleteParser.swift; sourceTree = "<group>"; };
		686C68BC21D6B50600270E41 /* AutoCompleteParser.swift */ = {isa = PBXFileReference; lastKnownFileType = sourcecode.swift; path = AutoCompleteParser.swift; sourceTree = "<group>"; };
		686C68BE21D6C96D00270E41 /* DDGAutoCompleteParser.swift */ = {isa = PBXFileReference; lastKnownFileType = sourcecode.swift; path = DDGAutoCompleteParser.swift; sourceTree = "<group>"; };
		686C68C021D6E5BB00270E41 /* AutoCompleteTableViewCell.swift */ = {isa = PBXFileReference; lastKnownFileType = sourcecode.swift; path = AutoCompleteTableViewCell.swift; sourceTree = "<group>"; };
		686C68C121D6E5BB00270E41 /* AutoCompleteTableViewCell.xib */ = {isa = PBXFileReference; lastKnownFileType = file.xib; path = AutoCompleteTableViewCell.xib; sourceTree = "<group>"; };
		68834F6B21CC550200BFD9D0 /* ApplicationConstants.swift */ = {isa = PBXFileReference; lastKnownFileType = sourcecode.swift; path = ApplicationConstants.swift; sourceTree = "<group>"; };
		68834F7221CCB97A00BFD9D0 /* ServiceResultsTableViewController.swift */ = {isa = PBXFileReference; lastKnownFileType = sourcecode.swift; path = ServiceResultsTableViewController.swift; sourceTree = "<group>"; };
		688C1A9021CC3F4500AADE9F /* Sherlock.app */ = {isa = PBXFileReference; explicitFileType = wrapper.application; includeInIndex = 0; path = Sherlock.app; sourceTree = BUILT_PRODUCTS_DIR; };
		688C1A9321CC3F4500AADE9F /* AppDelegate.swift */ = {isa = PBXFileReference; lastKnownFileType = sourcecode.swift; path = AppDelegate.swift; sourceTree = "<group>"; };
		688C1A9B21CC3F4500AADE9F /* Sherlock.xcdatamodel */ = {isa = PBXFileReference; lastKnownFileType = wrapper.xcdatamodel; path = Sherlock.xcdatamodel; sourceTree = "<group>"; };
		688C1A9D21CC3F4600AADE9F /* Assets.xcassets */ = {isa = PBXFileReference; lastKnownFileType = folder.assetcatalog; path = Assets.xcassets; sourceTree = "<group>"; };
		688C1AA021CC3F4600AADE9F /* Base */ = {isa = PBXFileReference; lastKnownFileType = file.storyboard; name = Base; path = Base.lproj/LaunchScreen.storyboard; sourceTree = "<group>"; };
		688C1AA221CC3F4600AADE9F /* Info.plist */ = {isa = PBXFileReference; lastKnownFileType = text.plist.xml; path = Info.plist; sourceTree = "<group>"; };
		688C1AA721CC3F4600AADE9F /* SherlockTests.xctest */ = {isa = PBXFileReference; explicitFileType = wrapper.cfbundle; includeInIndex = 0; path = SherlockTests.xctest; sourceTree = BUILT_PRODUCTS_DIR; };
		688C1AAB21CC3F4600AADE9F /* SherlockTests.swift */ = {isa = PBXFileReference; lastKnownFileType = sourcecode.swift; path = SherlockTests.swift; sourceTree = "<group>"; };
		688C1AAD21CC3F4600AADE9F /* Info.plist */ = {isa = PBXFileReference; lastKnownFileType = text.plist.xml; path = Info.plist; sourceTree = "<group>"; };
		688C1AB221CC3F4600AADE9F /* SherlockUITests.xctest */ = {isa = PBXFileReference; explicitFileType = wrapper.cfbundle; includeInIndex = 0; path = SherlockUITests.xctest; sourceTree = BUILT_PRODUCTS_DIR; };
		688C1AB621CC3F4600AADE9F /* SherlockUITests.swift */ = {isa = PBXFileReference; lastKnownFileType = sourcecode.swift; path = SherlockUITests.swift; sourceTree = "<group>"; };
		688C1AB821CC3F4600AADE9F /* Info.plist */ = {isa = PBXFileReference; lastKnownFileType = text.plist.xml; path = Info.plist; sourceTree = "<group>"; };
		68AA33E921D82D1E003E07BB /* WikipediaAutoCompleteParser.swift */ = {isa = PBXFileReference; lastKnownFileType = sourcecode.swift; path = WikipediaAutoCompleteParser.swift; sourceTree = "<group>"; };
		68AA33EB21D8361B003E07BB /* file-text.png */ = {isa = PBXFileReference; lastKnownFileType = image.png; path = "file-text.png"; sourceTree = "<group>"; };
		68C1875621CDD87300EED415 /* ServiceResultDelegate.swift */ = {isa = PBXFileReference; lastKnownFileType = sourcecode.swift; path = ServiceResultDelegate.swift; sourceTree = "<group>"; };
		68C1875821CDDB0A00EED415 /* WebSearchViewController.swift */ = {isa = PBXFileReference; lastKnownFileType = sourcecode.swift; path = WebSearchViewController.swift; sourceTree = "<group>"; };
		68C412DD21D362A800DAC3EA /* UnwindNewModal.swift */ = {isa = PBXFileReference; fileEncoding = 4; lastKnownFileType = sourcecode.swift; path = UnwindNewModal.swift; sourceTree = "<group>"; };
		68C412DE21D362A800DAC3EA /* NewModal.swift */ = {isa = PBXFileReference; fileEncoding = 4; lastKnownFileType = sourcecode.swift; path = NewModal.swift; sourceTree = "<group>"; };
		68C4617921D32ABC00A1E1CC /* PushTransition.swift */ = {isa = PBXFileReference; lastKnownFileType = sourcecode.swift; path = PushTransition.swift; sourceTree = "<group>"; };
		68C4617B21D32E1E00A1E1CC /* UnwindPushTransition.swift */ = {isa = PBXFileReference; lastKnownFileType = sourcecode.swift; path = UnwindPushTransition.swift; sourceTree = "<group>"; };
		68C4618121D344DE00A1E1CC /* PushInteractor.swift */ = {isa = PBXFileReference; lastKnownFileType = sourcecode.swift; path = PushInteractor.swift; sourceTree = "<group>"; };
		68CC169021CFF8C0005AEF42 /* WebResultViewController.swift */ = {isa = PBXFileReference; lastKnownFileType = sourcecode.swift; path = WebResultViewController.swift; sourceTree = "<group>"; };
		68CC169221CFF972005AEF42 /* WebNavBar.swift */ = {isa = PBXFileReference; lastKnownFileType = sourcecode.swift; path = WebNavBar.swift; sourceTree = "<group>"; };
		68E569AB21D9C4D1004346C7 /* applemaps.png */ = {isa = PBXFileReference; lastKnownFileType = image.png; path = applemaps.png; sourceTree = "<group>"; };
		68F7575221D7E5930047B24D /* chevron.png */ = {isa = PBXFileReference; lastKnownFileType = image.png; path = chevron.png; sourceTree = "<group>"; };
		68F7575421D7E5BB0047B24D /* ChevronCell.xib */ = {isa = PBXFileReference; lastKnownFileType = file.xib; path = ChevronCell.xib; sourceTree = "<group>"; };
		68F7575621D7EE350047B24D /* SearchServiceHeader.swift */ = {isa = PBXFileReference; lastKnownFileType = sourcecode.swift; path = SearchServiceHeader.swift; sourceTree = "<group>"; };
		68F7575821D7EE4A0047B24D /* SearchServiceHeader.xib */ = {isa = PBXFileReference; lastKnownFileType = file.xib; path = SearchServiceHeader.xib; sourceTree = "<group>"; };
		68F7575A21D7F26B0047B24D /* SearchServiceHeaderDelegate.swift */ = {isa = PBXFileReference; lastKnownFileType = sourcecode.swift; path = SearchServiceHeaderDelegate.swift; sourceTree = "<group>"; };
		68F7575C21D7F55B0047B24D /* twitter.png */ = {isa = PBXFileReference; lastKnownFileType = image.png; path = twitter.png; sourceTree = "<group>"; };
		68F7575E21D7FA9F0047B24D /* linkedin.png */ = {isa = PBXFileReference; lastKnownFileType = image.png; path = linkedin.png; sourceTree = "<group>"; };
		68F7576021D801330047B24D /* Autocomplete.swift */ = {isa = PBXFileReference; lastKnownFileType = sourcecode.swift; path = Autocomplete.swift; sourceTree = "<group>"; };
		68F9F13921CE9239001E7FD7 /* ScrollResultsViewController.swift */ = {isa = PBXFileReference; lastKnownFileType = sourcecode.swift; path = ScrollResultsViewController.swift; sourceTree = "<group>"; };
		68F9F13D21CEF2D0001E7FD7 /* duckduckgo.png */ = {isa = PBXFileReference; lastKnownFileType = image.png; name = duckduckgo.png; path = ../../../../Downloads/duckduckgo.png; sourceTree = "<group>"; };
		68F9F13F21CF0943001E7FD7 /* ServiceSelectorBar.swift */ = {isa = PBXFileReference; lastKnownFileType = sourcecode.swift; path = ServiceSelectorBar.swift; sourceTree = "<group>"; };
		68F9F14121CF1E18001E7FD7 /* ServiceSelectorBarDelegate.swift */ = {isa = PBXFileReference; lastKnownFileType = sourcecode.swift; path = ServiceSelectorBarDelegate.swift; sourceTree = "<group>"; };
		68FA235221D14730006290FD /* HistoryViewController.swift */ = {isa = PBXFileReference; lastKnownFileType = sourcecode.swift; path = HistoryViewController.swift; sourceTree = "<group>"; };
		68FA235621D1482B006290FD /* History.storyboard */ = {isa = PBXFileReference; lastKnownFileType = file.storyboard; path = History.storyboard; sourceTree = "<group>"; };
		68FA235C21D14C06006290FD /* search.png */ = {isa = PBXFileReference; lastKnownFileType = image.png; path = search.png; sourceTree = "<group>"; };
		68FA235D21D14C06006290FD /* cancel-circle.png */ = {isa = PBXFileReference; lastKnownFileType = image.png; path = "cancel-circle.png"; sourceTree = "<group>"; };
		68FA236021D14E78006290FD /* QueryTableViewCell.swift */ = {isa = PBXFileReference; lastKnownFileType = sourcecode.swift; path = QueryTableViewCell.swift; sourceTree = "<group>"; };
		68FA236221D1994E006290FD /* WebTableViewCell.swift */ = {isa = PBXFileReference; lastKnownFileType = sourcecode.swift; path = WebTableViewCell.swift; sourceTree = "<group>"; };
		68FA236421D19AB9006290FD /* sphere.png */ = {isa = PBXFileReference; lastKnownFileType = image.png; path = sphere.png; sourceTree = "<group>"; };
		68FA236621D19E5E006290FD /* HistorySectionDelegate.swift */ = {isa = PBXFileReference; lastKnownFileType = sourcecode.swift; path = HistorySectionDelegate.swift; sourceTree = "<group>"; };
		68FA236821D1A058006290FD /* HistoryVCDelegate.swift */ = {isa = PBXFileReference; lastKnownFileType = sourcecode.swift; path = HistoryVCDelegate.swift; sourceTree = "<group>"; };
/* End PBXFileReference section */

/* Begin PBXFrameworksBuildPhase section */
		688C1A8D21CC3F4500AADE9F /* Frameworks */ = {
			isa = PBXFrameworksBuildPhase;
			buildActionMask = 2147483647;
			files = (
				686290A021CD842400085FFE /* SwiftyJSON.framework in Frameworks */,
			);
			runOnlyForDeploymentPostprocessing = 0;
		};
		688C1AA421CC3F4600AADE9F /* Frameworks */ = {
			isa = PBXFrameworksBuildPhase;
			buildActionMask = 2147483647;
			files = (
			);
			runOnlyForDeploymentPostprocessing = 0;
		};
		688C1AAF21CC3F4600AADE9F /* Frameworks */ = {
			isa = PBXFrameworksBuildPhase;
			buildActionMask = 2147483647;
			files = (
			);
			runOnlyForDeploymentPostprocessing = 0;
		};
/* End PBXFrameworksBuildPhase section */

/* Begin PBXGroup section */
		6802426A21CC43A300AA8899 /* OmniBar */ = {
			isa = PBXGroup;
			children = (
				6802426E21CC45BD00AA8899 /* OmniBar.swift */,
				6802427721CC49DE00AA8899 /* OmniBarDelegate.swift */,
				6802427021CC45D900AA8899 /* OmniBar.xib */,
			);
			path = OmniBar;
			sourceTree = "<group>";
		};
		6802426B21CC449200AA8899 /* UserInterface */ = {
			isa = PBXGroup;
			children = (
				6802426A21CC43A300AA8899 /* OmniBar */,
				683DE29A21D03651005E58F4 /* SearchServiceSelectorBar */,
				683DE29321CFFEB2005E58F4 /* WebTitleBar */,
				68CC169621CFF993005AEF42 /* WebNavBar */,
				68C412DB21D3616200DAC3EA /* HistoryCells */,
				68C412DC21D3618000DAC3EA /* Transitions */,
				681849CC21D89C9300EBCEF0 /* Indicators */,
				681849CB21D89C7500EBCEF0 /* Autocomplete */,
				681582E221DFF32600E934EF /* SettingsCells */,
				681849CD21D89CAB00EBCEF0 /* SearchServiceHeader */,
				6802426C21CC44E100AA8899 /* UIGradientView.swift */,
			);
			path = UserInterface;
			sourceTree = "<group>";
		};
		6802427221CC47A000AA8899 /* icons */ = {
			isa = PBXGroup;
			children = (
				681582F421E08EE400E934EF /* arrow-left-white.png */,
				681582F221E08DF800E934EF /* settings_back.png */,
				682C559321E1C162005C59E7 /* plus.png */,
				682C558621E185D4005C59E7 /* orange_background.png */,
				682C558521E185D4005C59E7 /* red_background.png */,
				681582EC21E07DAE00E934EF /* blue_background.png */,
				682C558F21E1A83A005C59E7 /* youtube.png */,
				68E569AB21D9C4D1004346C7 /* applemaps.png */,
				682C558921E18FC6005C59E7 /* imdb.png */,
				681582EA21E07D5D00E934EF /* Icon.png */,
				68AA33EB21D8361B003E07BB /* file-text.png */,
				68F7575E21D7FA9F0047B24D /* linkedin.png */,
				68F7575C21D7F55B0047B24D /* twitter.png */,
				68F7575221D7E5930047B24D /* chevron.png */,
				682483A521D40568003D189A /* Back.png */,
				68FA236421D19AB9006290FD /* sphere.png */,
				6811F47721CD7DD7001DBE63 /* facebook_icon.png */,
				68FA235D21D14C06006290FD /* cancel-circle.png */,
				68FA235C21D14C06006290FD /* search.png */,
				683DE28A21CFFAD1005E58F4 /* arrow-left2.png */,
				683DE28D21CFFB0E005E58F4 /* share.png */,
				683DE28E21CFFB0E005E58F4 /* spinner11.png */,
				683DE28921CFFAD1005E58F4 /* arrow-right2.png */,
				6802427321CC47B700AA8899 /* cog.png */,
				6811F47321CD79F2001DBE63 /* google_icon.png */,
				68F9F13D21CEF2D0001E7FD7 /* duckduckgo.png */,
				6802427421CC47B700AA8899 /* history.png */,
				6811F47521CD7A9A001DBE63 /* wikipedia_icon.png */,
			);
			path = icons;
			sourceTree = "<group>";
		};
		6802427B21CC4F8000AA8899 /* ViewControllers */ = {
			isa = PBXGroup;
			children = (
				6802427921CC4E5E00AA8899 /* SearchViewController.swift */,
				68834F7221CCB97A00BFD9D0 /* ServiceResultsTableViewController.swift */,
				68C1875621CDD87300EED415 /* ServiceResultDelegate.swift */,
				68C1875821CDDB0A00EED415 /* WebSearchViewController.swift */,
				68F9F13921CE9239001E7FD7 /* ScrollResultsViewController.swift */,
				68CC169021CFF8C0005AEF42 /* WebResultViewController.swift */,
				68662D8A21D5ABC200A67B4C /* HistoryVIew */,
				681582DC21DFE75700E934EF /* Settings */,
				682C558B21E191AC005C59E7 /* SherlockSwipeViewController.swift */,
			);
			path = ViewControllers;
			sourceTree = "<group>";
		};
		6811F46E21CD5AD6001DBE63 /* Search */ = {
			isa = PBXGroup;
			children = (
				6811F46F21CD5AEB001DBE63 /* SherlockServiceManager.swift */,
				6811F47121CD6985001DBE63 /* SherlockServices.swift */,
				6811F47921CD80BD001DBE63 /* search_services.json */,
				686290A121CD987F00085FFE /* SherlockServiceManagerDelegates.swift */,
				6860AFED21D73F8100F00602 /* Autocomplete */,
			);
			path = Search;
			sourceTree = "<group>";
		};
		681582DC21DFE75700E934EF /* Settings */ = {
			isa = PBXGroup;
			children = (
				681582EE21E07FA900E934EF /* SettingsViewController.swift */,
				681582D821DFE72C00E934EF /* ServiceSettingsViewController.swift */,
				682C557B21E13226005C59E7 /* AutocompleteSettingsViewController.swift */,
				682C557F21E14A5C005C59E7 /* AppearanceSettingsViewController.swift */,
				681582DA21DFE75300E934EF /* Settings.storyboard */,
			);
			path = Settings;
			sourceTree = "<group>";
		};
		681582E221DFF32600E934EF /* SettingsCells */ = {
			isa = PBXGroup;
			children = (
				681582E321DFF33D00E934EF /* UserServiceTableViewCell.swift */,
				681582E821E05B1600E934EF /* AutOrderTableViewCell.swift */,
				682C558121E14B8E005C59E7 /* AppearanceTableViewCell.swift */,
				682C557D21E135A5005C59E7 /* AutocompleteSettingTableViewCell.swift */,
			);
			path = SettingsCells;
			sourceTree = "<group>";
		};
		681582E521E0239100E934EF /* Settings */ = {
			isa = PBXGroup;
			children = (
				681582E621E023BF00E934EF /* SherlockSettingsManager.swift */,
			);
			path = Settings;
			sourceTree = "<group>";
		};
		68170B6721DEC914007DA455 /* Application */ = {
			isa = PBXGroup;
			children = (
				688C1A9321CC3F4500AADE9F /* AppDelegate.swift */,
				68834F6B21CC550200BFD9D0 /* ApplicationConstants.swift */,
			);
			path = Application;
			sourceTree = "<group>";
		};
		681849CB21D89C7500EBCEF0 /* Autocomplete */ = {
			isa = PBXGroup;
			children = (
				686C68C021D6E5BB00270E41 /* AutoCompleteTableViewCell.swift */,
				686C68C121D6E5BB00270E41 /* AutoCompleteTableViewCell.xib */,
				68F7575421D7E5BB0047B24D /* ChevronCell.xib */,
			);
			path = Autocomplete;
			sourceTree = "<group>";
		};
		681849CC21D89C9300EBCEF0 /* Indicators */ = {
			isa = PBXGroup;
			children = (
				682483A921D4079B003D189A /* LoadingIndicator.swift */,
				682483AD21D4603F003D189A /* LoadingCoverView.swift */,
				68170B6021DEA46C007DA455 /* URLSchemeCoverView.swift */,
				68170B6221DEABC3007DA455 /* URLSchemeCoverView.xib */,
				68170B6421DEB2D0007DA455 /* EmptyHistory.xib */,
			);
			path = Indicators;
			sourceTree = "<group>";
		};
		681849CD21D89CAB00EBCEF0 /* SearchServiceHeader */ = {
			isa = PBXGroup;
			children = (
				68F7575621D7EE350047B24D /* SearchServiceHeader.swift */,
				68F7575821D7EE4A0047B24D /* SearchServiceHeader.xib */,
				68F7575A21D7F26B0047B24D /* SearchServiceHeaderDelegate.swift */,
				682C559121E1BE46005C59E7 /* AddServices.xib */,
				682C559521E1C342005C59E7 /* AddServiceHeader.swift */,
			);
			path = SearchServiceHeader;
			sourceTree = "<group>";
		};
		683DE29321CFFEB2005E58F4 /* WebTitleBar */ = {
			isa = PBXGroup;
			children = (
				683DE29421CFFEC6005E58F4 /* WebTitleBar.swift */,
				683DE29621CFFFDC005E58F4 /* WebTitleBar.xib */,
				682483A721D405A0003D189A /* WebTitleBarDelegate.swift */,
				6843F2C821DAC31100E94DE7 /* SherlockProgressBar.swift */,
			);
			path = WebTitleBar;
			sourceTree = "<group>";
		};
		683DE29A21D03651005E58F4 /* SearchServiceSelectorBar */ = {
			isa = PBXGroup;
			children = (
				68F9F13F21CF0943001E7FD7 /* ServiceSelectorBar.swift */,
				68F9F14121CF1E18001E7FD7 /* ServiceSelectorBarDelegate.swift */,
			);
			path = SearchServiceSelectorBar;
			sourceTree = "<group>";
		};
		683DE29C21D06124005E58F4 /* History */ = {
			isa = PBXGroup;
			children = (
				683DE29D21D061AD005E58F4 /* SherlockHistoryManager.swift */,
			);
			path = History;
			sourceTree = "<group>";
		};
		6860AFED21D73F8100F00602 /* Autocomplete */ = {
			isa = PBXGroup;
			children = (
				686C68BE21D6C96D00270E41 /* DDGAutoCompleteParser.swift */,
				686C68BA21D6B4EF00270E41 /* GoogleAutoCompleteParser.swift */,
				68AA33E921D82D1E003E07BB /* WikipediaAutoCompleteParser.swift */,
				686C68BC21D6B50600270E41 /* AutoCompleteParser.swift */,
				68662D8821D5A27E00A67B4C /* AutoCompleteRequester.swift */,
				68F7576021D801330047B24D /* Autocomplete.swift */,
			);
			path = Autocomplete;
			sourceTree = "<group>";
		};
		6862909E21CD842300085FFE /* Frameworks */ = {
			isa = PBXGroup;
			children = (
				6862909F21CD842400085FFE /* SwiftyJSON.framework */,
			);
			name = Frameworks;
			sourceTree = "<group>";
		};
		68662D8A21D5ABC200A67B4C /* HistoryVIew */ = {
			isa = PBXGroup;
			children = (
				68FA235221D14730006290FD /* HistoryViewController.swift */,
				68FA236821D1A058006290FD /* HistoryVCDelegate.swift */,
				68FA235621D1482B006290FD /* History.storyboard */,
			);
			path = HistoryVIew;
			sourceTree = "<group>";
		};
		688C1A8721CC3F4500AADE9F = {
			isa = PBXGroup;
			children = (
				688C1A9221CC3F4500AADE9F /* Sherlock */,
				688C1AAA21CC3F4600AADE9F /* SherlockTests */,
				688C1AB521CC3F4600AADE9F /* SherlockUITests */,
				688C1A9121CC3F4500AADE9F /* Products */,
				6862909E21CD842300085FFE /* Frameworks */,
			);
			sourceTree = "<group>";
		};
		688C1A9121CC3F4500AADE9F /* Products */ = {
			isa = PBXGroup;
			children = (
				688C1A9021CC3F4500AADE9F /* Sherlock.app */,
				688C1AA721CC3F4600AADE9F /* SherlockTests.xctest */,
				688C1AB221CC3F4600AADE9F /* SherlockUITests.xctest */,
			);
			name = Products;
			sourceTree = "<group>";
		};
		688C1A9221CC3F4500AADE9F /* Sherlock */ = {
			isa = PBXGroup;
			children = (
				682C559721E1D0C2005C59E7 /* ampDisable.js */,
				68170B6721DEC914007DA455 /* Application */,
				683DE29C21D06124005E58F4 /* History */,
				681582E521E0239100E934EF /* Settings */,
				6811F46E21CD5AD6001DBE63 /* Search */,
				6802427B21CC4F8000AA8899 /* ViewControllers */,
				6802426B21CC449200AA8899 /* UserInterface */,
				688C1A9D21CC3F4600AADE9F /* Assets.xcassets */,
				6802427221CC47A000AA8899 /* icons */,
				688C1A9F21CC3F4600AADE9F /* LaunchScreen.storyboard */,
				688C1AA221CC3F4600AADE9F /* Info.plist */,
				688C1A9A21CC3F4500AADE9F /* Sherlock.xcdatamodeld */,
			);
			path = Sherlock;
			sourceTree = "<group>";
		};
		688C1AAA21CC3F4600AADE9F /* SherlockTests */ = {
			isa = PBXGroup;
			children = (
				688C1AAB21CC3F4600AADE9F /* SherlockTests.swift */,
				688C1AAD21CC3F4600AADE9F /* Info.plist */,
			);
			path = SherlockTests;
			sourceTree = "<group>";
		};
		688C1AB521CC3F4600AADE9F /* SherlockUITests */ = {
			isa = PBXGroup;
			children = (
				688C1AB621CC3F4600AADE9F /* SherlockUITests.swift */,
				688C1AB821CC3F4600AADE9F /* Info.plist */,
			);
			path = SherlockUITests;
			sourceTree = "<group>";
		};
		68C412DB21D3616200DAC3EA /* HistoryCells */ = {
			isa = PBXGroup;
			children = (
				68FA236621D19E5E006290FD /* HistorySectionDelegate.swift */,
				68FA236221D1994E006290FD /* WebTableViewCell.swift */,
				68FA236021D14E78006290FD /* QueryTableViewCell.swift */,
				6843F2C421DAAEEF00E94DE7 /* HistoryHeaderView.swift */,
				6843F2C621DAAEFB00E94DE7 /* HistoryHeaderView.xib */,
			);
			path = HistoryCells;
			sourceTree = "<group>";
		};
		68C412DC21D3618000DAC3EA /* Transitions */ = {
			isa = PBXGroup;
			children = (
				68C412DE21D362A800DAC3EA /* NewModal.swift */,
				68C412DD21D362A800DAC3EA /* UnwindNewModal.swift */,
				68C4617921D32ABC00A1E1CC /* PushTransition.swift */,
				68C4617B21D32E1E00A1E1CC /* UnwindPushTransition.swift */,
				68C4618121D344DE00A1E1CC /* PushInteractor.swift */,
				682483AB21D4169F003D189A /* NewModalInteractor.swift */,
				681582DD21DFEC5A00E934EF /* FlipTransition.swift */,
				681582DF21DFF25200E934EF /* UnwindFlipTransition.swift */,
			);
			path = Transitions;
			sourceTree = "<group>";
		};
		68CC169621CFF993005AEF42 /* WebNavBar */ = {
			isa = PBXGroup;
			children = (
				68CC169221CFF972005AEF42 /* WebNavBar.swift */,
				683DE29121CFFD70005E58F4 /* WebNavBarDelegate.swift */,
				683DE28721CFFA11005E58F4 /* WebNavBar.xib */,
			);
			path = WebNavBar;
			sourceTree = "<group>";
		};
/* End PBXGroup section */

/* Begin PBXNativeTarget section */
		688C1A8F21CC3F4500AADE9F /* Sherlock */ = {
			isa = PBXNativeTarget;
			buildConfigurationList = 688C1ABB21CC3F4600AADE9F /* Build configuration list for PBXNativeTarget "Sherlock" */;
			buildPhases = (
				688C1A8C21CC3F4500AADE9F /* Sources */,
				688C1A8D21CC3F4500AADE9F /* Frameworks */,
				688C1A8E21CC3F4500AADE9F /* Resources */,
				682C559921E1E8A7005C59E7 /* ShellScript */,
				686290A321CD9CCA00085FFE /* Increment Build */,
			);
			buildRules = (
			);
			dependencies = (
			);
			name = Sherlock;
			productName = Sherlock;
			productReference = 688C1A9021CC3F4500AADE9F /* Sherlock.app */;
			productType = "com.apple.product-type.application";
		};
		688C1AA621CC3F4600AADE9F /* SherlockTests */ = {
			isa = PBXNativeTarget;
			buildConfigurationList = 688C1ABE21CC3F4600AADE9F /* Build configuration list for PBXNativeTarget "SherlockTests" */;
			buildPhases = (
				688C1AA321CC3F4600AADE9F /* Sources */,
				688C1AA421CC3F4600AADE9F /* Frameworks */,
				688C1AA521CC3F4600AADE9F /* Resources */,
			);
			buildRules = (
			);
			dependencies = (
				688C1AA921CC3F4600AADE9F /* PBXTargetDependency */,
			);
			name = SherlockTests;
			productName = SherlockTests;
			productReference = 688C1AA721CC3F4600AADE9F /* SherlockTests.xctest */;
			productType = "com.apple.product-type.bundle.unit-test";
		};
		688C1AB121CC3F4600AADE9F /* SherlockUITests */ = {
			isa = PBXNativeTarget;
			buildConfigurationList = 688C1AC121CC3F4600AADE9F /* Build configuration list for PBXNativeTarget "SherlockUITests" */;
			buildPhases = (
				688C1AAE21CC3F4600AADE9F /* Sources */,
				688C1AAF21CC3F4600AADE9F /* Frameworks */,
				688C1AB021CC3F4600AADE9F /* Resources */,
			);
			buildRules = (
			);
			dependencies = (
				688C1AB421CC3F4600AADE9F /* PBXTargetDependency */,
			);
			name = SherlockUITests;
			productName = SherlockUITests;
			productReference = 688C1AB221CC3F4600AADE9F /* SherlockUITests.xctest */;
			productType = "com.apple.product-type.bundle.ui-testing";
		};
/* End PBXNativeTarget section */

/* Begin PBXProject section */
		688C1A8821CC3F4500AADE9F /* Project object */ = {
			isa = PBXProject;
			attributes = {
				LastSwiftUpdateCheck = 1010;
				LastUpgradeCheck = 1010;
				ORGANIZATIONNAME = "Kevin Turner";
				TargetAttributes = {
					688C1A8F21CC3F4500AADE9F = {
						CreatedOnToolsVersion = 10.1;
					};
					688C1AA621CC3F4600AADE9F = {
						CreatedOnToolsVersion = 10.1;
						TestTargetID = 688C1A8F21CC3F4500AADE9F;
					};
					688C1AB121CC3F4600AADE9F = {
						CreatedOnToolsVersion = 10.1;
						TestTargetID = 688C1A8F21CC3F4500AADE9F;
					};
				};
			};
			buildConfigurationList = 688C1A8B21CC3F4500AADE9F /* Build configuration list for PBXProject "Sherlock" */;
			compatibilityVersion = "Xcode 9.3";
			developmentRegion = en;
			hasScannedForEncodings = 0;
			knownRegions = (
				en,
				Base,
			);
			mainGroup = 688C1A8721CC3F4500AADE9F;
			productRefGroup = 688C1A9121CC3F4500AADE9F /* Products */;
			projectDirPath = "";
			projectRoot = "";
			targets = (
				688C1A8F21CC3F4500AADE9F /* Sherlock */,
				688C1AA621CC3F4600AADE9F /* SherlockTests */,
				688C1AB121CC3F4600AADE9F /* SherlockUITests */,
			);
		};
/* End PBXProject section */

/* Begin PBXResourcesBuildPhase section */
		688C1A8E21CC3F4500AADE9F /* Resources */ = {
			isa = PBXResourcesBuildPhase;
			buildActionMask = 2147483647;
			files = (
				681582EB21E07D5D00E934EF /* Icon.png in Resources */,
				68F7575921D7EE4A0047B24D /* SearchServiceHeader.xib in Resources */,
				6802427621CC47B700AA8899 /* history.png in Resources */,
				682C558821E185D4005C59E7 /* orange_background.png in Resources */,
				68170B6521DEB2D0007DA455 /* EmptyHistory.xib in Resources */,
				683DE29021CFFB0E005E58F4 /* spinner11.png in Resources */,
				683DE28B21CFFAD1005E58F4 /* arrow-right2.png in Resources */,
				68F7575F21D7FA9F0047B24D /* linkedin.png in Resources */,
				681582ED21E07DAE00E934EF /* blue_background.png in Resources */,
				68F7575321D7E5940047B24D /* chevron.png in Resources */,
				6811F47821CD7DD7001DBE63 /* facebook_icon.png in Resources */,
				68170B6321DEABC3007DA455 /* URLSchemeCoverView.xib in Resources */,
				681582F521E08EE400E934EF /* arrow-left-white.png in Resources */,
				683DE28821CFFA11005E58F4 /* WebNavBar.xib in Resources */,
				6811F47621CD7A9A001DBE63 /* wikipedia_icon.png in Resources */,
				6811F47A21CD80BD001DBE63 /* search_services.json in Resources */,
				68FA235E21D14C06006290FD /* search.png in Resources */,
				68F9F13E21CEF2D0001E7FD7 /* duckduckgo.png in Resources */,
				682C559821E1D0C3005C59E7 /* ampDisable.js in Resources */,
				682C558721E185D4005C59E7 /* red_background.png in Resources */,
				683DE28F21CFFB0E005E58F4 /* share.png in Resources */,
				6802427521CC47B700AA8899 /* cog.png in Resources */,
				683DE29721CFFFDC005E58F4 /* WebTitleBar.xib in Resources */,
				68E569AC21D9C4D1004346C7 /* applemaps.png in Resources */,
				6843F2C721DAAEFB00E94DE7 /* HistoryHeaderView.xib in Resources */,
				68FA235F21D14C06006290FD /* cancel-circle.png in Resources */,
				6802427121CC45D900AA8899 /* OmniBar.xib in Resources */,
				68F7575521D7E5BB0047B24D /* ChevronCell.xib in Resources */,
				68FA236521D19AB9006290FD /* sphere.png in Resources */,
				686C68C321D6E5BB00270E41 /* AutoCompleteTableViewCell.xib in Resources */,
				681582DB21DFE75300E934EF /* Settings.storyboard in Resources */,
				682C558A21E18FC6005C59E7 /* imdb.png in Resources */,
				688C1AA121CC3F4600AADE9F /* LaunchScreen.storyboard in Resources */,
				68AA33EC21D8361B003E07BB /* file-text.png in Resources */,
				682C559421E1C162005C59E7 /* plus.png in Resources */,
				682C559021E1A83B005C59E7 /* youtube.png in Resources */,
				683DE28C21CFFAD1005E58F4 /* arrow-left2.png in Resources */,
				6811F47421CD79F2001DBE63 /* google_icon.png in Resources */,
				688C1A9E21CC3F4600AADE9F /* Assets.xcassets in Resources */,
				68F7575D21D7F55C0047B24D /* twitter.png in Resources */,
				682483A621D40569003D189A /* Back.png in Resources */,
				68FA235721D1482B006290FD /* History.storyboard in Resources */,
				681582F321E08DF800E934EF /* settings_back.png in Resources */,
				682C559221E1BE46005C59E7 /* AddServices.xib in Resources */,
			);
			runOnlyForDeploymentPostprocessing = 0;
		};
		688C1AA521CC3F4600AADE9F /* Resources */ = {
			isa = PBXResourcesBuildPhase;
			buildActionMask = 2147483647;
			files = (
			);
			runOnlyForDeploymentPostprocessing = 0;
		};
		688C1AB021CC3F4600AADE9F /* Resources */ = {
			isa = PBXResourcesBuildPhase;
			buildActionMask = 2147483647;
			files = (
			);
			runOnlyForDeploymentPostprocessing = 0;
		};
/* End PBXResourcesBuildPhase section */

/* Begin PBXShellScriptBuildPhase section */
		682C559921E1E8A7005C59E7 /* ShellScript */ = {
			isa = PBXShellScriptBuildPhase;
			buildActionMask = 2147483647;
			files = (
			);
			inputFileListPaths = (
			);
			inputPaths = (
			);
			outputFileListPaths = (
			);
			outputPaths = (
			);
			runOnlyForDeploymentPostprocessing = 0;
			shellPath = /bin/sh;
			shellScript = "# Type a script or drag a script file from your workspace to insert its path.\nbuildNumber=$(/usr/libexec/PlistBuddy -c \"Print CFBundleVersion\" \"${PROJECT_DIR}/${INFOPLIST_FILE}\")\nbuildNumber=$(($buildNumber + 1))\n/usr/libexec/PlistBuddy -c \"Set :CFBundleVersion $buildNumber\" \"${PROJECT_DIR}/${INFOPLIST_FILE}\"\n\n";
		};
		686290A321CD9CCA00085FFE /* Increment Build */ = {
			isa = PBXShellScriptBuildPhase;
			buildActionMask = 2147483647;
			files = (
			);
			inputFileListPaths = (
			);
			inputPaths = (
				"$(SRCROOT)/Sherlock/Carthage/Build/iOS/SwiftyJSON.framework",
			);
			name = "Increment Build";
			outputFileListPaths = (
			);
			outputPaths = (
				"$(BUILT_PRODUCTS_DIR)/$(FRAMEWORKS_FOLDER_PATH)/SwiftyJSON.framework",
			);
			runOnlyForDeploymentPostprocessing = 0;
			shellPath = /bin/sh;
			shellScript = "/usr/local/bin/carthage copy-frameworks\n";
		};
/* End PBXShellScriptBuildPhase section */

/* Begin PBXSourcesBuildPhase section */
		688C1A8C21CC3F4500AADE9F /* Sources */ = {
			isa = PBXSourcesBuildPhase;
			buildActionMask = 2147483647;
			files = (
				68F9F14221CF1E18001E7FD7 /* ServiceSelectorBarDelegate.swift in Sources */,
				6802427A21CC4E5E00AA8899 /* SearchViewController.swift in Sources */,
				68F9F13A21CE9239001E7FD7 /* ScrollResultsViewController.swift in Sources */,
				68F7576121D801330047B24D /* Autocomplete.swift in Sources */,
				68662D8921D5A27E00A67B4C /* AutoCompleteRequester.swift in Sources */,
				6802426F21CC45BD00AA8899 /* OmniBar.swift in Sources */,
				68FA236721D19E5E006290FD /* HistorySectionDelegate.swift in Sources */,
				686C68C221D6E5BB00270E41 /* AutoCompleteTableViewCell.swift in Sources */,
				681582E921E05B1600E934EF /* AutOrderTableViewCell.swift in Sources */,
				682C558C21E191AC005C59E7 /* SherlockSwipeViewController.swift in Sources */,
				682C559621E1C342005C59E7 /* AddServiceHeader.swift in Sources */,
				68C4618221D344DE00A1E1CC /* PushInteractor.swift in Sources */,
				6843F2C521DAAEEF00E94DE7 /* HistoryHeaderView.swift in Sources */,
				688C1A9C21CC3F4500AADE9F /* Sherlock.xcdatamodeld in Sources */,
				681582EF21E07FA900E934EF /* SettingsViewController.swift in Sources */,
				681582E721E023BF00E934EF /* SherlockSettingsManager.swift in Sources */,
				681582E421DFF33D00E934EF /* UserServiceTableViewCell.swift in Sources */,
				683DE29521CFFEC6005E58F4 /* WebTitleBar.swift in Sources */,
				682483A821D405A0003D189A /* WebTitleBarDelegate.swift in Sources */,
				68AA33EA21D82D1E003E07BB /* WikipediaAutoCompleteParser.swift in Sources */,
				68FA236321D1994E006290FD /* WebTableViewCell.swift in Sources */,
				68F7575721D7EE350047B24D /* SearchServiceHeader.swift in Sources */,
				6802427821CC49DE00AA8899 /* OmniBarDelegate.swift in Sources */,
				682483AC21D4169F003D189A /* NewModalInteractor.swift in Sources */,
				68170B6121DEA46C007DA455 /* URLSchemeCoverView.swift in Sources */,
				68FA236121D14E78006290FD /* QueryTableViewCell.swift in Sources */,
				68834F7321CCB97A00BFD9D0 /* ServiceResultsTableViewController.swift in Sources */,
				68834F6C21CC550200BFD9D0 /* ApplicationConstants.swift in Sources */,
				686C68BD21D6B50600270E41 /* AutoCompleteParser.swift in Sources */,
				6811F47221CD6985001DBE63 /* SherlockServices.swift in Sources */,
				68FA235321D14730006290FD /* HistoryViewController.swift in Sources */,
				682C557E21E135A5005C59E7 /* AutocompleteSettingTableViewCell.swift in Sources */,
				681582E021DFF25200E934EF /* UnwindFlipTransition.swift in Sources */,
				68C4617A21D32ABC00A1E1CC /* PushTransition.swift in Sources */,
				68C1875721CDD87300EED415 /* ServiceResultDelegate.swift in Sources */,
				68CC169121CFF8C0005AEF42 /* WebResultViewController.swift in Sources */,
				681582DE21DFEC5A00E934EF /* FlipTransition.swift in Sources */,
				68C412E021D362A800DAC3EA /* NewModal.swift in Sources */,
				682C558021E14A5C005C59E7 /* AppearanceSettingsViewController.swift in Sources */,
				681582D921DFE72C00E934EF /* ServiceSettingsViewController.swift in Sources */,
				68C4617C21D32E1E00A1E1CC /* UnwindPushTransition.swift in Sources */,
				6843F2C921DAC31100E94DE7 /* SherlockProgressBar.swift in Sources */,
				68FA236921D1A058006290FD /* HistoryVCDelegate.swift in Sources */,
				6802426D21CC44E100AA8899 /* UIGradientView.swift in Sources */,
				682483AA21D4079B003D189A /* LoadingIndicator.swift in Sources */,
				68CC169321CFF972005AEF42 /* WebNavBar.swift in Sources */,
				686C68BB21D6B4F000270E41 /* GoogleAutoCompleteParser.swift in Sources */,
				686290A221CD987F00085FFE /* SherlockServiceManagerDelegates.swift in Sources */,
				68C1875921CDDB0A00EED415 /* WebSearchViewController.swift in Sources */,
				682483AE21D4603F003D189A /* LoadingCoverView.swift in Sources */,
				68F9F14021CF0943001E7FD7 /* ServiceSelectorBar.swift in Sources */,
				68F7575B21D7F26B0047B24D /* SearchServiceHeaderDelegate.swift in Sources */,
				68C412DF21D362A800DAC3EA /* UnwindNewModal.swift in Sources */,
				6811F47021CD5AEB001DBE63 /* SherlockServiceManager.swift in Sources */,
				683DE29221CFFD70005E58F4 /* WebNavBarDelegate.swift in Sources */,
				688C1A9421CC3F4500AADE9F /* AppDelegate.swift in Sources */,
				682C557C21E13226005C59E7 /* AutocompleteSettingsViewController.swift in Sources */,
				686C68BF21D6C96D00270E41 /* DDGAutoCompleteParser.swift in Sources */,
				683DE29E21D061AD005E58F4 /* SherlockHistoryManager.swift in Sources */,
				682C558221E14B8E005C59E7 /* AppearanceTableViewCell.swift in Sources */,
			);
			runOnlyForDeploymentPostprocessing = 0;
		};
		688C1AA321CC3F4600AADE9F /* Sources */ = {
			isa = PBXSourcesBuildPhase;
			buildActionMask = 2147483647;
			files = (
				688C1AAC21CC3F4600AADE9F /* SherlockTests.swift in Sources */,
			);
			runOnlyForDeploymentPostprocessing = 0;
		};
		688C1AAE21CC3F4600AADE9F /* Sources */ = {
			isa = PBXSourcesBuildPhase;
			buildActionMask = 2147483647;
			files = (
				688C1AB721CC3F4600AADE9F /* SherlockUITests.swift in Sources */,
			);
			runOnlyForDeploymentPostprocessing = 0;
		};
/* End PBXSourcesBuildPhase section */

/* Begin PBXTargetDependency section */
		688C1AA921CC3F4600AADE9F /* PBXTargetDependency */ = {
			isa = PBXTargetDependency;
			target = 688C1A8F21CC3F4500AADE9F /* Sherlock */;
			targetProxy = 688C1AA821CC3F4600AADE9F /* PBXContainerItemProxy */;
		};
		688C1AB421CC3F4600AADE9F /* PBXTargetDependency */ = {
			isa = PBXTargetDependency;
			target = 688C1A8F21CC3F4500AADE9F /* Sherlock */;
			targetProxy = 688C1AB321CC3F4600AADE9F /* PBXContainerItemProxy */;
		};
/* End PBXTargetDependency section */

/* Begin PBXVariantGroup section */
		688C1A9F21CC3F4600AADE9F /* LaunchScreen.storyboard */ = {
			isa = PBXVariantGroup;
			children = (
				688C1AA021CC3F4600AADE9F /* Base */,
			);
			name = LaunchScreen.storyboard;
			sourceTree = "<group>";
		};
/* End PBXVariantGroup section */

/* Begin XCBuildConfiguration section */
		688C1AB921CC3F4600AADE9F /* Debug */ = {
			isa = XCBuildConfiguration;
			buildSettings = {
				ALWAYS_SEARCH_USER_PATHS = NO;
				CLANG_ANALYZER_NONNULL = YES;
				CLANG_ANALYZER_NUMBER_OBJECT_CONVERSION = YES_AGGRESSIVE;
				CLANG_CXX_LANGUAGE_STANDARD = "gnu++14";
				CLANG_CXX_LIBRARY = "libc++";
				CLANG_ENABLE_MODULES = YES;
				CLANG_ENABLE_OBJC_ARC = YES;
				CLANG_ENABLE_OBJC_WEAK = YES;
				CLANG_WARN_BLOCK_CAPTURE_AUTORELEASING = YES;
				CLANG_WARN_BOOL_CONVERSION = YES;
				CLANG_WARN_COMMA = YES;
				CLANG_WARN_CONSTANT_CONVERSION = YES;
				CLANG_WARN_DEPRECATED_OBJC_IMPLEMENTATIONS = YES;
				CLANG_WARN_DIRECT_OBJC_ISA_USAGE = YES_ERROR;
				CLANG_WARN_DOCUMENTATION_COMMENTS = YES;
				CLANG_WARN_EMPTY_BODY = YES;
				CLANG_WARN_ENUM_CONVERSION = YES;
				CLANG_WARN_INFINITE_RECURSION = YES;
				CLANG_WARN_INT_CONVERSION = YES;
				CLANG_WARN_NON_LITERAL_NULL_CONVERSION = YES;
				CLANG_WARN_OBJC_IMPLICIT_RETAIN_SELF = YES;
				CLANG_WARN_OBJC_LITERAL_CONVERSION = YES;
				CLANG_WARN_OBJC_ROOT_CLASS = YES_ERROR;
				CLANG_WARN_RANGE_LOOP_ANALYSIS = YES;
				CLANG_WARN_STRICT_PROTOTYPES = YES;
				CLANG_WARN_SUSPICIOUS_MOVE = YES;
				CLANG_WARN_UNGUARDED_AVAILABILITY = YES_AGGRESSIVE;
				CLANG_WARN_UNREACHABLE_CODE = YES;
				CLANG_WARN__DUPLICATE_METHOD_MATCH = YES;
				CODE_SIGN_IDENTITY = "iPhone Developer";
				COPY_PHASE_STRIP = NO;
				DEBUG_INFORMATION_FORMAT = dwarf;
				ENABLE_STRICT_OBJC_MSGSEND = YES;
				ENABLE_TESTABILITY = YES;
				GCC_C_LANGUAGE_STANDARD = gnu11;
				GCC_DYNAMIC_NO_PIC = NO;
				GCC_NO_COMMON_BLOCKS = YES;
				GCC_OPTIMIZATION_LEVEL = 0;
				GCC_PREPROCESSOR_DEFINITIONS = (
					"DEBUG=1",
					"$(inherited)",
				);
				GCC_WARN_64_TO_32_BIT_CONVERSION = YES;
				GCC_WARN_ABOUT_RETURN_TYPE = YES_ERROR;
				GCC_WARN_UNDECLARED_SELECTOR = YES;
				GCC_WARN_UNINITIALIZED_AUTOS = YES_AGGRESSIVE;
				GCC_WARN_UNUSED_FUNCTION = YES;
				GCC_WARN_UNUSED_VARIABLE = YES;
				IPHONEOS_DEPLOYMENT_TARGET = 12.1;
				MTL_ENABLE_DEBUG_INFO = INCLUDE_SOURCE;
				MTL_FAST_MATH = YES;
				ONLY_ACTIVE_ARCH = YES;
				SDKROOT = iphoneos;
				SWIFT_ACTIVE_COMPILATION_CONDITIONS = DEBUG;
				SWIFT_OPTIMIZATION_LEVEL = "-Onone";
			};
			name = Debug;
		};
		688C1ABA21CC3F4600AADE9F /* Release */ = {
			isa = XCBuildConfiguration;
			buildSettings = {
				ALWAYS_SEARCH_USER_PATHS = NO;
				CLANG_ANALYZER_NONNULL = YES;
				CLANG_ANALYZER_NUMBER_OBJECT_CONVERSION = YES_AGGRESSIVE;
				CLANG_CXX_LANGUAGE_STANDARD = "gnu++14";
				CLANG_CXX_LIBRARY = "libc++";
				CLANG_ENABLE_MODULES = YES;
				CLANG_ENABLE_OBJC_ARC = YES;
				CLANG_ENABLE_OBJC_WEAK = YES;
				CLANG_WARN_BLOCK_CAPTURE_AUTORELEASING = YES;
				CLANG_WARN_BOOL_CONVERSION = YES;
				CLANG_WARN_COMMA = YES;
				CLANG_WARN_CONSTANT_CONVERSION = YES;
				CLANG_WARN_DEPRECATED_OBJC_IMPLEMENTATIONS = YES;
				CLANG_WARN_DIRECT_OBJC_ISA_USAGE = YES_ERROR;
				CLANG_WARN_DOCUMENTATION_COMMENTS = YES;
				CLANG_WARN_EMPTY_BODY = YES;
				CLANG_WARN_ENUM_CONVERSION = YES;
				CLANG_WARN_INFINITE_RECURSION = YES;
				CLANG_WARN_INT_CONVERSION = YES;
				CLANG_WARN_NON_LITERAL_NULL_CONVERSION = YES;
				CLANG_WARN_OBJC_IMPLICIT_RETAIN_SELF = YES;
				CLANG_WARN_OBJC_LITERAL_CONVERSION = YES;
				CLANG_WARN_OBJC_ROOT_CLASS = YES_ERROR;
				CLANG_WARN_RANGE_LOOP_ANALYSIS = YES;
				CLANG_WARN_STRICT_PROTOTYPES = YES;
				CLANG_WARN_SUSPICIOUS_MOVE = YES;
				CLANG_WARN_UNGUARDED_AVAILABILITY = YES_AGGRESSIVE;
				CLANG_WARN_UNREACHABLE_CODE = YES;
				CLANG_WARN__DUPLICATE_METHOD_MATCH = YES;
				CODE_SIGN_IDENTITY = "iPhone Developer";
				COPY_PHASE_STRIP = NO;
				DEBUG_INFORMATION_FORMAT = "dwarf-with-dsym";
				ENABLE_NS_ASSERTIONS = NO;
				ENABLE_STRICT_OBJC_MSGSEND = YES;
				GCC_C_LANGUAGE_STANDARD = gnu11;
				GCC_NO_COMMON_BLOCKS = YES;
				GCC_WARN_64_TO_32_BIT_CONVERSION = YES;
				GCC_WARN_ABOUT_RETURN_TYPE = YES_ERROR;
				GCC_WARN_UNDECLARED_SELECTOR = YES;
				GCC_WARN_UNINITIALIZED_AUTOS = YES_AGGRESSIVE;
				GCC_WARN_UNUSED_FUNCTION = YES;
				GCC_WARN_UNUSED_VARIABLE = YES;
				IPHONEOS_DEPLOYMENT_TARGET = 12.1;
				MTL_ENABLE_DEBUG_INFO = NO;
				MTL_FAST_MATH = YES;
				SDKROOT = iphoneos;
				SWIFT_COMPILATION_MODE = wholemodule;
				SWIFT_OPTIMIZATION_LEVEL = "-O";
				VALIDATE_PRODUCT = YES;
			};
			name = Release;
		};
		688C1ABC21CC3F4600AADE9F /* Debug */ = {
			isa = XCBuildConfiguration;
			buildSettings = {
				ASSETCATALOG_COMPILER_APPICON_NAME = AppIcon;
				CODE_SIGN_STYLE = Automatic;
				DEVELOPMENT_TEAM = TL5T75PGX2;
				FRAMEWORK_SEARCH_PATHS = (
					"$(inherited)",
					"$(PROJECT_DIR)/Sherlock/Carthage/Build/iOS",
				);
				INFOPLIST_FILE = Sherlock/Info.plist;
				LD_RUNPATH_SEARCH_PATHS = (
					"$(inherited)",
					"@executable_path/Frameworks",
				);
				PRODUCT_BUNDLE_IDENTIFIER = com.kevinturner.Sherlock;
				PRODUCT_NAME = "$(TARGET_NAME)";
				SWIFT_VERSION = 4.2;
				TARGETED_DEVICE_FAMILY = "1,2";
			};
			name = Debug;
		};
		688C1ABD21CC3F4600AADE9F /* Release */ = {
			isa = XCBuildConfiguration;
			buildSettings = {
				ASSETCATALOG_COMPILER_APPICON_NAME = AppIcon;
				CODE_SIGN_STYLE = Automatic;
				DEVELOPMENT_TEAM = TL5T75PGX2;
				FRAMEWORK_SEARCH_PATHS = (
					"$(inherited)",
					"$(PROJECT_DIR)/Sherlock/Carthage/Build/iOS",
				);
				INFOPLIST_FILE = Sherlock/Info.plist;
				LD_RUNPATH_SEARCH_PATHS = (
					"$(inherited)",
					"@executable_path/Frameworks",
				);
				PRODUCT_BUNDLE_IDENTIFIER = com.kevinturner.Sherlock;
				PRODUCT_NAME = "$(TARGET_NAME)";
				SWIFT_VERSION = 4.2;
				TARGETED_DEVICE_FAMILY = "1,2";
			};
			name = Release;
		};
		688C1ABF21CC3F4600AADE9F /* Debug */ = {
			isa = XCBuildConfiguration;
			buildSettings = {
				ALWAYS_EMBED_SWIFT_STANDARD_LIBRARIES = YES;
				BUNDLE_LOADER = "$(TEST_HOST)";
				CODE_SIGN_STYLE = Automatic;
				DEVELOPMENT_TEAM = TL5T75PGX2;
				INFOPLIST_FILE = SherlockTests/Info.plist;
				LD_RUNPATH_SEARCH_PATHS = (
					"$(inherited)",
					"@executable_path/Frameworks",
					"@loader_path/Frameworks",
				);
				PRODUCT_BUNDLE_IDENTIFIER = com.kevinturner.SherlockTests;
				PRODUCT_NAME = "$(TARGET_NAME)";
				SWIFT_VERSION = 4.2;
				TARGETED_DEVICE_FAMILY = "1,2";
				TEST_HOST = "$(BUILT_PRODUCTS_DIR)/Sherlock.app/Sherlock";
			};
			name = Debug;
		};
		688C1AC021CC3F4600AADE9F /* Release */ = {
			isa = XCBuildConfiguration;
			buildSettings = {
				ALWAYS_EMBED_SWIFT_STANDARD_LIBRARIES = YES;
				BUNDLE_LOADER = "$(TEST_HOST)";
				CODE_SIGN_STYLE = Automatic;
				DEVELOPMENT_TEAM = TL5T75PGX2;
				INFOPLIST_FILE = SherlockTests/Info.plist;
				LD_RUNPATH_SEARCH_PATHS = (
					"$(inherited)",
					"@executable_path/Frameworks",
					"@loader_path/Frameworks",
				);
				PRODUCT_BUNDLE_IDENTIFIER = com.kevinturner.SherlockTests;
				PRODUCT_NAME = "$(TARGET_NAME)";
				SWIFT_VERSION = 4.2;
				TARGETED_DEVICE_FAMILY = "1,2";
				TEST_HOST = "$(BUILT_PRODUCTS_DIR)/Sherlock.app/Sherlock";
			};
			name = Release;
		};
		688C1AC221CC3F4600AADE9F /* Debug */ = {
			isa = XCBuildConfiguration;
			buildSettings = {
				ALWAYS_EMBED_SWIFT_STANDARD_LIBRARIES = YES;
				CODE_SIGN_STYLE = Automatic;
				DEVELOPMENT_TEAM = TL5T75PGX2;
				INFOPLIST_FILE = SherlockUITests/Info.plist;
				LD_RUNPATH_SEARCH_PATHS = (
					"$(inherited)",
					"@executable_path/Frameworks",
					"@loader_path/Frameworks",
				);
				PRODUCT_BUNDLE_IDENTIFIER = com.kevinturner.SherlockUITests;
				PRODUCT_NAME = "$(TARGET_NAME)";
				SWIFT_VERSION = 4.2;
				TARGETED_DEVICE_FAMILY = "1,2";
				TEST_TARGET_NAME = Sherlock;
			};
			name = Debug;
		};
		688C1AC321CC3F4600AADE9F /* Release */ = {
			isa = XCBuildConfiguration;
			buildSettings = {
				ALWAYS_EMBED_SWIFT_STANDARD_LIBRARIES = YES;
				CODE_SIGN_STYLE = Automatic;
				DEVELOPMENT_TEAM = TL5T75PGX2;
				INFOPLIST_FILE = SherlockUITests/Info.plist;
				LD_RUNPATH_SEARCH_PATHS = (
					"$(inherited)",
					"@executable_path/Frameworks",
					"@loader_path/Frameworks",
				);
				PRODUCT_BUNDLE_IDENTIFIER = com.kevinturner.SherlockUITests;
				PRODUCT_NAME = "$(TARGET_NAME)";
				SWIFT_VERSION = 4.2;
				TARGETED_DEVICE_FAMILY = "1,2";
				TEST_TARGET_NAME = Sherlock;
			};
			name = Release;
		};
/* End XCBuildConfiguration section */

/* Begin XCConfigurationList section */
		688C1A8B21CC3F4500AADE9F /* Build configuration list for PBXProject "Sherlock" */ = {
			isa = XCConfigurationList;
			buildConfigurations = (
				688C1AB921CC3F4600AADE9F /* Debug */,
				688C1ABA21CC3F4600AADE9F /* Release */,
			);
			defaultConfigurationIsVisible = 0;
			defaultConfigurationName = Release;
		};
		688C1ABB21CC3F4600AADE9F /* Build configuration list for PBXNativeTarget "Sherlock" */ = {
			isa = XCConfigurationList;
			buildConfigurations = (
				688C1ABC21CC3F4600AADE9F /* Debug */,
				688C1ABD21CC3F4600AADE9F /* Release */,
			);
			defaultConfigurationIsVisible = 0;
			defaultConfigurationName = Release;
		};
		688C1ABE21CC3F4600AADE9F /* Build configuration list for PBXNativeTarget "SherlockTests" */ = {
			isa = XCConfigurationList;
			buildConfigurations = (
				688C1ABF21CC3F4600AADE9F /* Debug */,
				688C1AC021CC3F4600AADE9F /* Release */,
			);
			defaultConfigurationIsVisible = 0;
			defaultConfigurationName = Release;
		};
		688C1AC121CC3F4600AADE9F /* Build configuration list for PBXNativeTarget "SherlockUITests" */ = {
			isa = XCConfigurationList;
			buildConfigurations = (
				688C1AC221CC3F4600AADE9F /* Debug */,
				688C1AC321CC3F4600AADE9F /* Release */,
			);
			defaultConfigurationIsVisible = 0;
			defaultConfigurationName = Release;
		};
/* End XCConfigurationList section */

/* Begin XCVersionGroup section */
		688C1A9A21CC3F4500AADE9F /* Sherlock.xcdatamodeld */ = {
			isa = XCVersionGroup;
			children = (
				688C1A9B21CC3F4500AADE9F /* Sherlock.xcdatamodel */,
			);
			currentVersion = 688C1A9B21CC3F4500AADE9F /* Sherlock.xcdatamodel */;
			path = Sherlock.xcdatamodeld;
			sourceTree = "<group>";
			versionGroupType = wrapper.xcdatamodel;
		};
/* End XCVersionGroup section */
	};
	rootObject = 688C1A8821CC3F4500AADE9F /* Project object */;
}
